// !$*UTF8*$!
{
	archiveVersion = 1;
	classes = {
	};
	objectVersion = 50;
	objects = {

/* Begin PBXBuildFile section */
		76E485932178288E007C9E76 /* AppDelegate.m in Sources */ = {isa = PBXBuildFile; fileRef = 76E485922178288E007C9E76 /* AppDelegate.m */; };
		76E485962178288E007C9E76 /* ViewController.m in Sources */ = {isa = PBXBuildFile; fileRef = 76E485952178288E007C9E76 /* ViewController.m */; };
		76E485992178288E007C9E76 /* Main.storyboard in Resources */ = {isa = PBXBuildFile; fileRef = 76E485972178288E007C9E76 /* Main.storyboard */; };
		76E4859B2178288F007C9E76 /* Assets.xcassets in Resources */ = {isa = PBXBuildFile; fileRef = 76E4859A2178288F007C9E76 /* Assets.xcassets */; };
		76E4859E2178288F007C9E76 /* LaunchScreen.storyboard in Resources */ = {isa = PBXBuildFile; fileRef = 76E4859C2178288F007C9E76 /* LaunchScreen.storyboard */; };
		76E485A12178288F007C9E76 /* main.m in Sources */ = {isa = PBXBuildFile; fileRef = 76E485A02178288F007C9E76 /* main.m */; };
		B73E05F89DD7F3CAC176EE1D /* libPods-demo.a in Frameworks */ = {isa = PBXBuildFile; fileRef = 4AFE3F937306F3060D4DFB8C /* libPods-demo.a */; };
		C6E135D92179D8F20061FD87 /* AdSupport.framework in Frameworks */ = {isa = PBXBuildFile; fileRef = C6E135D82179D8F10061FD87 /* AdSupport.framework */; };
		C6E135DB2179D8FA0061FD87 /* CoreLocation.framework in Frameworks */ = {isa = PBXBuildFile; fileRef = C6E135DA2179D8FA0061FD87 /* CoreLocation.framework */; };
		C6E135DD2179D9030061FD87 /* QuartzCore.framework in Frameworks */ = {isa = PBXBuildFile; fileRef = C6E135DC2179D9030061FD87 /* QuartzCore.framework */; };
		C6E135DF2179D90B0061FD87 /* SystemConfiguration.framework in Frameworks */ = {isa = PBXBuildFile; fileRef = C6E135DE2179D90B0061FD87 /* SystemConfiguration.framework */; };
		C6E135E12179D9170061FD87 /* CoreTelephony.framework in Frameworks */ = {isa = PBXBuildFile; fileRef = C6E135E02179D9170061FD87 /* CoreTelephony.framework */; };
		C6E135E32179D9260061FD87 /* libz.tbd in Frameworks */ = {isa = PBXBuildFile; fileRef = C6E135E22179D9260061FD87 /* libz.tbd */; };
		C6E135E52179D92C0061FD87 /* Security.framework in Frameworks */ = {isa = PBXBuildFile; fileRef = C6E135E42179D92C0061FD87 /* Security.framework */; };
		C6E135E72179D9350061FD87 /* StoreKit.framework in Frameworks */ = {isa = PBXBuildFile; fileRef = C6E135E62179D9350061FD87 /* StoreKit.framework */; };
		C6E135E92179D93D0061FD87 /* WebKit.framework in Frameworks */ = {isa = PBXBuildFile; fileRef = C6E135E82179D93C0061FD87 /* WebKit.framework */; settings = {ATTRIBUTES = (Weak, ); }; };
		C6E135EB2179D94D0061FD87 /* AVFoundation.framework in Frameworks */ = {isa = PBXBuildFile; fileRef = C6E135EA2179D94D0061FD87 /* AVFoundation.framework */; };
		C6E135ED2179D9560061FD87 /* libxml2.tbd in Frameworks */ = {isa = PBXBuildFile; fileRef = C6E135EC2179D9560061FD87 /* libxml2.tbd */; };
/* End PBXBuildFile section */

/* Begin PBXFileReference section */
		082A6003C34960DE70AA5E99 /* Pods-demo.release.xcconfig */ = {isa = PBXFileReference; includeInIndex = 1; lastKnownFileType = text.xcconfig; name = "Pods-demo.release.xcconfig"; path = "Pods/Target Support Files/Pods-demo/Pods-demo.release.xcconfig"; sourceTree = "<group>"; };
		4AFE3F937306F3060D4DFB8C /* libPods-demo.a */ = {isa = PBXFileReference; explicitFileType = archive.ar; includeInIndex = 0; path = "libPods-demo.a"; sourceTree = BUILT_PRODUCTS_DIR; };
		76E4858E2178288E007C9E76 /* demo.app */ = {isa = PBXFileReference; explicitFileType = wrapper.application; includeInIndex = 0; path = demo.app; sourceTree = BUILT_PRODUCTS_DIR; };
		76E485912178288E007C9E76 /* AppDelegate.h */ = {isa = PBXFileReference; lastKnownFileType = sourcecode.c.h; path = AppDelegate.h; sourceTree = "<group>"; };
		76E485922178288E007C9E76 /* AppDelegate.m */ = {isa = PBXFileReference; lastKnownFileType = sourcecode.c.objc; path = AppDelegate.m; sourceTree = "<group>"; };
		76E485942178288E007C9E76 /* ViewController.h */ = {isa = PBXFileReference; lastKnownFileType = sourcecode.c.h; path = ViewController.h; sourceTree = "<group>"; };
		76E485952178288E007C9E76 /* ViewController.m */ = {isa = PBXFileReference; lastKnownFileType = sourcecode.c.objc; path = ViewController.m; sourceTree = "<group>"; };
		76E485982178288E007C9E76 /* Base */ = {isa = PBXFileReference; lastKnownFileType = file.storyboard; name = Base; path = Base.lproj/Main.storyboard; sourceTree = "<group>"; };
		76E4859A2178288F007C9E76 /* Assets.xcassets */ = {isa = PBXFileReference; lastKnownFileType = folder.assetcatalog; path = Assets.xcassets; sourceTree = "<group>"; };
		76E4859D2178288F007C9E76 /* Base */ = {isa = PBXFileReference; lastKnownFileType = file.storyboard; name = Base; path = Base.lproj/LaunchScreen.storyboard; sourceTree = "<group>"; };
		76E4859F2178288F007C9E76 /* Info.plist */ = {isa = PBXFileReference; lastKnownFileType = text.plist.xml; path = Info.plist; sourceTree = "<group>"; };
		76E485A02178288F007C9E76 /* main.m */ = {isa = PBXFileReference; lastKnownFileType = sourcecode.c.objc; path = main.m; sourceTree = "<group>"; };
		C6E135D82179D8F10061FD87 /* AdSupport.framework */ = {isa = PBXFileReference; lastKnownFileType = wrapper.framework; name = AdSupport.framework; path = System/Library/Frameworks/AdSupport.framework; sourceTree = SDKROOT; };
		C6E135DA2179D8FA0061FD87 /* CoreLocation.framework */ = {isa = PBXFileReference; lastKnownFileType = wrapper.framework; name = CoreLocation.framework; path = System/Library/Frameworks/CoreLocation.framework; sourceTree = SDKROOT; };
		C6E135DC2179D9030061FD87 /* QuartzCore.framework */ = {isa = PBXFileReference; lastKnownFileType = wrapper.framework; name = QuartzCore.framework; path = System/Library/Frameworks/QuartzCore.framework; sourceTree = SDKROOT; };
		C6E135DE2179D90B0061FD87 /* SystemConfiguration.framework */ = {isa = PBXFileReference; lastKnownFileType = wrapper.framework; name = SystemConfiguration.framework; path = System/Library/Frameworks/SystemConfiguration.framework; sourceTree = SDKROOT; };
		C6E135E02179D9170061FD87 /* CoreTelephony.framework */ = {isa = PBXFileReference; lastKnownFileType = wrapper.framework; name = CoreTelephony.framework; path = System/Library/Frameworks/CoreTelephony.framework; sourceTree = SDKROOT; };
		C6E135E22179D9260061FD87 /* libz.tbd */ = {isa = PBXFileReference; lastKnownFileType = "sourcecode.text-based-dylib-definition"; name = libz.tbd; path = usr/lib/libz.tbd; sourceTree = SDKROOT; };
		C6E135E42179D92C0061FD87 /* Security.framework */ = {isa = PBXFileReference; lastKnownFileType = wrapper.framework; name = Security.framework; path = System/Library/Frameworks/Security.framework; sourceTree = SDKROOT; };
		C6E135E62179D9350061FD87 /* StoreKit.framework */ = {isa = PBXFileReference; lastKnownFileType = wrapper.framework; name = StoreKit.framework; path = System/Library/Frameworks/StoreKit.framework; sourceTree = SDKROOT; };
		C6E135E82179D93C0061FD87 /* WebKit.framework */ = {isa = PBXFileReference; lastKnownFileType = wrapper.framework; name = WebKit.framework; path = System/Library/Frameworks/WebKit.framework; sourceTree = SDKROOT; };
		C6E135EA2179D94D0061FD87 /* AVFoundation.framework */ = {isa = PBXFileReference; lastKnownFileType = wrapper.framework; name = AVFoundation.framework; path = System/Library/Frameworks/AVFoundation.framework; sourceTree = SDKROOT; };
		C6E135EC2179D9560061FD87 /* libxml2.tbd */ = {isa = PBXFileReference; lastKnownFileType = "sourcecode.text-based-dylib-definition"; name = libxml2.tbd; path = usr/lib/libxml2.tbd; sourceTree = SDKROOT; };
		D45048793CFF07D8D70B96EE /* Pods-demo.debug.xcconfig */ = {isa = PBXFileReference; includeInIndex = 1; lastKnownFileType = text.xcconfig; name = "Pods-demo.debug.xcconfig"; path = "Pods/Target Support Files/Pods-demo/Pods-demo.debug.xcconfig"; sourceTree = "<group>"; };
/* End PBXFileReference section */

/* Begin PBXFrameworksBuildPhase section */
		76E4858B2178288E007C9E76 /* Frameworks */ = {
			isa = PBXFrameworksBuildPhase;
			buildActionMask = 2147483647;
			files = (
				C6E135ED2179D9560061FD87 /* libxml2.tbd in Frameworks */,
				C6E135EB2179D94D0061FD87 /* AVFoundation.framework in Frameworks */,
				C6E135E92179D93D0061FD87 /* WebKit.framework in Frameworks */,
				C6E135E72179D9350061FD87 /* StoreKit.framework in Frameworks */,
				C6E135E52179D92C0061FD87 /* Security.framework in Frameworks */,
				C6E135E32179D9260061FD87 /* libz.tbd in Frameworks */,
				C6E135E12179D9170061FD87 /* CoreTelephony.framework in Frameworks */,
				C6E135DF2179D90B0061FD87 /* SystemConfiguration.framework in Frameworks */,
				C6E135DD2179D9030061FD87 /* QuartzCore.framework in Frameworks */,
				C6E135DB2179D8FA0061FD87 /* CoreLocation.framework in Frameworks */,
				C6E135D92179D8F20061FD87 /* AdSupport.framework in Frameworks */,
				B73E05F89DD7F3CAC176EE1D /* libPods-demo.a in Frameworks */,
			);
			runOnlyForDeploymentPostprocessing = 0;
		};
/* End PBXFrameworksBuildPhase section */

/* Begin PBXGroup section */
		3F88844B3D808D28DEBAF712 /* Frameworks */ = {
			isa = PBXGroup;
			children = (
				C6E135EC2179D9560061FD87 /* libxml2.tbd */,
				C6E135EA2179D94D0061FD87 /* AVFoundation.framework */,
				C6E135E82179D93C0061FD87 /* WebKit.framework */,
				C6E135E62179D9350061FD87 /* StoreKit.framework */,
				C6E135E42179D92C0061FD87 /* Security.framework */,
				C6E135E22179D9260061FD87 /* libz.tbd */,
				C6E135E02179D9170061FD87 /* CoreTelephony.framework */,
				C6E135DE2179D90B0061FD87 /* SystemConfiguration.framework */,
				C6E135DC2179D9030061FD87 /* QuartzCore.framework */,
				C6E135DA2179D8FA0061FD87 /* CoreLocation.framework */,
				C6E135D82179D8F10061FD87 /* AdSupport.framework */,
				4AFE3F937306F3060D4DFB8C /* libPods-demo.a */,
			);
			name = Frameworks;
			sourceTree = "<group>";
		};
		76E485852178288E007C9E76 = {
			isa = PBXGroup;
			children = (
				76E485902178288E007C9E76 /* demo */,
				76E4858F2178288E007C9E76 /* Products */,
				83713C344F82F9725D3A5075 /* Pods */,
				3F88844B3D808D28DEBAF712 /* Frameworks */,
			);
			sourceTree = "<group>";
		};
		76E4858F2178288E007C9E76 /* Products */ = {
			isa = PBXGroup;
			children = (
				76E4858E2178288E007C9E76 /* demo.app */,
			);
			name = Products;
			sourceTree = "<group>";
		};
		76E485902178288E007C9E76 /* demo */ = {
			isa = PBXGroup;
			children = (
				76E485912178288E007C9E76 /* AppDelegate.h */,
				76E485922178288E007C9E76 /* AppDelegate.m */,
				76E485942178288E007C9E76 /* ViewController.h */,
				76E485952178288E007C9E76 /* ViewController.m */,
				76E485972178288E007C9E76 /* Main.storyboard */,
				76E4859A2178288F007C9E76 /* Assets.xcassets */,
				76E4859C2178288F007C9E76 /* LaunchScreen.storyboard */,
				76E4859F2178288F007C9E76 /* Info.plist */,
				76E485A02178288F007C9E76 /* main.m */,
			);
			path = demo;
			sourceTree = "<group>";
		};
		83713C344F82F9725D3A5075 /* Pods */ = {
			isa = PBXGroup;
			children = (
				D45048793CFF07D8D70B96EE /* Pods-demo.debug.xcconfig */,
				082A6003C34960DE70AA5E99 /* Pods-demo.release.xcconfig */,
			);
			name = Pods;
			sourceTree = "<group>";
		};
/* End PBXGroup section */

/* Begin PBXNativeTarget section */
		76E4858D2178288E007C9E76 /* demo */ = {
			isa = PBXNativeTarget;
			buildConfigurationList = 76E485A42178288F007C9E76 /* Build configuration list for PBXNativeTarget "demo" */;
			buildPhases = (
				B05133D2A202A16719EBFE1D /* [CP] Check Pods Manifest.lock */,
				76E4858A2178288E007C9E76 /* Sources */,
				76E4858B2178288E007C9E76 /* Frameworks */,
				76E4858C2178288E007C9E76 /* Resources */,
			);
			buildRules = (
			);
			dependencies = (
			);
			name = demo;
			productName = demo;
			productReference = 76E4858E2178288E007C9E76 /* demo.app */;
			productType = "com.apple.product-type.application";
		};
/* End PBXNativeTarget section */

/* Begin PBXProject section */
		76E485862178288E007C9E76 /* Project object */ = {
			isa = PBXProject;
			attributes = {
				LastUpgradeCheck = 0940;
				ORGANIZATIONNAME = Minsol;
				TargetAttributes = {
					76E4858D2178288E007C9E76 = {
						CreatedOnToolsVersion = 9.4.1;
					};
				};
			};
			buildConfigurationList = 76E485892178288E007C9E76 /* Build configuration list for PBXProject "demo" */;
			compatibilityVersion = "Xcode 9.3";
			developmentRegion = en;
			hasScannedForEncodings = 0;
			knownRegions = (
				en,
				Base,
			);
			mainGroup = 76E485852178288E007C9E76;
			productRefGroup = 76E4858F2178288E007C9E76 /* Products */;
			projectDirPath = "";
			projectRoot = "";
			targets = (
				76E4858D2178288E007C9E76 /* demo */,
			);
		};
/* End PBXProject section */

/* Begin PBXResourcesBuildPhase section */
		76E4858C2178288E007C9E76 /* Resources */ = {
			isa = PBXResourcesBuildPhase;
			buildActionMask = 2147483647;
			files = (
				76E4859E2178288F007C9E76 /* LaunchScreen.storyboard in Resources */,
				76E4859B2178288F007C9E76 /* Assets.xcassets in Resources */,
				76E485992178288E007C9E76 /* Main.storyboard in Resources */,
			);
			runOnlyForDeploymentPostprocessing = 0;
		};
/* End PBXResourcesBuildPhase section */

/* Begin PBXShellScriptBuildPhase section */
		B05133D2A202A16719EBFE1D /* [CP] Check Pods Manifest.lock */ = {
			isa = PBXShellScriptBuildPhase;
			buildActionMask = 2147483647;
			files = (
			);
			inputPaths = (
				"${PODS_PODFILE_DIR_PATH}/Podfile.lock",
				"${PODS_ROOT}/Manifest.lock",
			);
			name = "[CP] Check Pods Manifest.lock";
			outputPaths = (
				"$(DERIVED_FILE_DIR)/Pods-demo-checkManifestLockResult.txt",
			);
			runOnlyForDeploymentPostprocessing = 0;
			shellPath = /bin/sh;
			shellScript = "diff \"${PODS_PODFILE_DIR_PATH}/Podfile.lock\" \"${PODS_ROOT}/Manifest.lock\" > /dev/null\nif [ $? != 0 ] ; then\n    # print error to STDERR\n    echo \"error: The sandbox is not in sync with the Podfile.lock. Run 'pod install' or update your CocoaPods installation.\" >&2\n    exit 1\nfi\n# This output is used by Xcode 'outputs' to avoid re-running this script phase.\necho \"SUCCESS\" > \"${SCRIPT_OUTPUT_FILE_0}\"\n";
			showEnvVarsInLog = 0;
		};
/* End PBXShellScriptBuildPhase section */

/* Begin PBXSourcesBuildPhase section */
		76E4858A2178288E007C9E76 /* Sources */ = {
			isa = PBXSourcesBuildPhase;
			buildActionMask = 2147483647;
			files = (
				76E485962178288E007C9E76 /* ViewController.m in Sources */,
				76E485A12178288F007C9E76 /* main.m in Sources */,
				76E485932178288E007C9E76 /* AppDelegate.m in Sources */,
			);
			runOnlyForDeploymentPostprocessing = 0;
		};
/* End PBXSourcesBuildPhase section */

/* Begin PBXVariantGroup section */
		76E485972178288E007C9E76 /* Main.storyboard */ = {
			isa = PBXVariantGroup;
			children = (
				76E485982178288E007C9E76 /* Base */,
			);
			name = Main.storyboard;
			sourceTree = "<group>";
		};
		76E4859C2178288F007C9E76 /* LaunchScreen.storyboard */ = {
			isa = PBXVariantGroup;
			children = (
				76E4859D2178288F007C9E76 /* Base */,
			);
			name = LaunchScreen.storyboard;
			sourceTree = "<group>";
		};
/* End PBXVariantGroup section */

/* Begin XCBuildConfiguration section */
		76E485A22178288F007C9E76 /* Debug */ = {
			isa = XCBuildConfiguration;
			buildSettings = {
				ALWAYS_SEARCH_USER_PATHS = NO;
				CLANG_ANALYZER_NONNULL = YES;
				CLANG_ANALYZER_NUMBER_OBJECT_CONVERSION = YES_AGGRESSIVE;
				CLANG_CXX_LANGUAGE_STANDARD = "gnu++14";
				CLANG_CXX_LIBRARY = "libc++";
				CLANG_ENABLE_MODULES = YES;
				CLANG_ENABLE_OBJC_ARC = YES;
				CLANG_ENABLE_OBJC_WEAK = YES;
				CLANG_WARN_BLOCK_CAPTURE_AUTORELEASING = YES;
				CLANG_WARN_BOOL_CONVERSION = YES;
				CLANG_WARN_COMMA = YES;
				CLANG_WARN_CONSTANT_CONVERSION = YES;
				CLANG_WARN_DEPRECATED_OBJC_IMPLEMENTATIONS = YES;
				CLANG_WARN_DIRECT_OBJC_ISA_USAGE = YES_ERROR;
				CLANG_WARN_DOCUMENTATION_COMMENTS = YES;
				CLANG_WARN_EMPTY_BODY = YES;
				CLANG_WARN_ENUM_CONVERSION = YES;
				CLANG_WARN_INFINITE_RECURSION = YES;
				CLANG_WARN_INT_CONVERSION = YES;
				CLANG_WARN_NON_LITERAL_NULL_CONVERSION = YES;
				CLANG_WARN_OBJC_IMPLICIT_RETAIN_SELF = YES;
				CLANG_WARN_OBJC_LITERAL_CONVERSION = YES;
				CLANG_WARN_OBJC_ROOT_CLASS = YES_ERROR;
				CLANG_WARN_RANGE_LOOP_ANALYSIS = YES;
				CLANG_WARN_STRICT_PROTOTYPES = YES;
				CLANG_WARN_SUSPICIOUS_MOVE = YES;
				CLANG_WARN_UNGUARDED_AVAILABILITY = YES_AGGRESSIVE;
				CLANG_WARN_UNREACHABLE_CODE = YES;
				CLANG_WARN__DUPLICATE_METHOD_MATCH = YES;
				CODE_SIGN_IDENTITY = "iPhone Developer";
				COPY_PHASE_STRIP = NO;
				DEBUG_INFORMATION_FORMAT = dwarf;
				ENABLE_STRICT_OBJC_MSGSEND = YES;
				ENABLE_TESTABILITY = YES;
				GCC_C_LANGUAGE_STANDARD = gnu11;
				GCC_DYNAMIC_NO_PIC = NO;
				GCC_NO_COMMON_BLOCKS = YES;
				GCC_OPTIMIZATION_LEVEL = 0;
				GCC_PREPROCESSOR_DEFINITIONS = (
					"DEBUG=1",
					"$(inherited)",
				);
				GCC_WARN_64_TO_32_BIT_CONVERSION = YES;
				GCC_WARN_ABOUT_RETURN_TYPE = YES_ERROR;
				GCC_WARN_UNDECLARED_SELECTOR = YES;
				GCC_WARN_UNINITIALIZED_AUTOS = YES_AGGRESSIVE;
				GCC_WARN_UNUSED_FUNCTION = YES;
				GCC_WARN_UNUSED_VARIABLE = YES;
				IPHONEOS_DEPLOYMENT_TARGET = 11.4;
				MTL_ENABLE_DEBUG_INFO = YES;
				ONLY_ACTIVE_ARCH = YES;
				SDKROOT = iphoneos;
			};
			name = Debug;
		};
		76E485A32178288F007C9E76 /* Release */ = {
			isa = XCBuildConfiguration;
			buildSettings = {
				ALWAYS_SEARCH_USER_PATHS = NO;
				CLANG_ANALYZER_NONNULL = YES;
				CLANG_ANALYZER_NUMBER_OBJECT_CONVERSION = YES_AGGRESSIVE;
				CLANG_CXX_LANGUAGE_STANDARD = "gnu++14";
				CLANG_CXX_LIBRARY = "libc++";
				CLANG_ENABLE_MODULES = YES;
				CLANG_ENABLE_OBJC_ARC = YES;
				CLANG_ENABLE_OBJC_WEAK = YES;
				CLANG_WARN_BLOCK_CAPTURE_AUTORELEASING = YES;
				CLANG_WARN_BOOL_CONVERSION = YES;
				CLANG_WARN_COMMA = YES;
				CLANG_WARN_CONSTANT_CONVERSION = YES;
				CLANG_WARN_DEPRECATED_OBJC_IMPLEMENTATIONS = YES;
				CLANG_WARN_DIRECT_OBJC_ISA_USAGE = YES_ERROR;
				CLANG_WARN_DOCUMENTATION_COMMENTS = YES;
				CLANG_WARN_EMPTY_BODY = YES;
				CLANG_WARN_ENUM_CONVERSION = YES;
				CLANG_WARN_INFINITE_RECURSION = YES;
				CLANG_WARN_INT_CONVERSION = YES;
				CLANG_WARN_NON_LITERAL_NULL_CONVERSION = YES;
				CLANG_WARN_OBJC_IMPLICIT_RETAIN_SELF = YES;
				CLANG_WARN_OBJC_LITERAL_CONVERSION = YES;
				CLANG_WARN_OBJC_ROOT_CLASS = YES_ERROR;
				CLANG_WARN_RANGE_LOOP_ANALYSIS = YES;
				CLANG_WARN_STRICT_PROTOTYPES = YES;
				CLANG_WARN_SUSPICIOUS_MOVE = YES;
				CLANG_WARN_UNGUARDED_AVAILABILITY = YES_AGGRESSIVE;
				CLANG_WARN_UNREACHABLE_CODE = YES;
				CLANG_WARN__DUPLICATE_METHOD_MATCH = YES;
				CODE_SIGN_IDENTITY = "iPhone Developer";
				COPY_PHASE_STRIP = NO;
				DEBUG_INFORMATION_FORMAT = "dwarf-with-dsym";
				ENABLE_NS_ASSERTIONS = NO;
				ENABLE_STRICT_OBJC_MSGSEND = YES;
				GCC_C_LANGUAGE_STANDARD = gnu11;
				GCC_NO_COMMON_BLOCKS = YES;
				GCC_WARN_64_TO_32_BIT_CONVERSION = YES;
				GCC_WARN_ABOUT_RETURN_TYPE = YES_ERROR;
				GCC_WARN_UNDECLARED_SELECTOR = YES;
				GCC_WARN_UNINITIALIZED_AUTOS = YES_AGGRESSIVE;
				GCC_WARN_UNUSED_FUNCTION = YES;
				GCC_WARN_UNUSED_VARIABLE = YES;
				IPHONEOS_DEPLOYMENT_TARGET = 11.4;
				MTL_ENABLE_DEBUG_INFO = NO;
				SDKROOT = iphoneos;
				VALIDATE_PRODUCT = YES;
			};
			name = Release;
		};
		76E485A52178288F007C9E76 /* Debug */ = {
			isa = XCBuildConfiguration;
			baseConfigurationReference = D45048793CFF07D8D70B96EE /* Pods-demo.debug.xcconfig */;
			buildSettings = {
				ASSETCATALOG_COMPILER_APPICON_NAME = AppIcon;
				CODE_SIGN_IDENTITY = "iPhone Developer";
				CODE_SIGN_STYLE = Automatic;
				DEVELOPMENT_TEAM = UKFQF9GW79;
				INFOPLIST_FILE = demo/Info.plist;
				IPHONEOS_DEPLOYMENT_TARGET = 10.2;
				LD_RUNPATH_SEARCH_PATHS = (
					"$(inherited)",
					"@executable_path/Frameworks",
				);
				LIBRARY_SEARCH_PATHS = (
					"$(inherited)",
					"$(PROJECT_DIR)/demo/GDT_iOS_SDK_4.8.0",
					"$(PROJECT_DIR)/demo/Advertising(广告)/GDT_iOS_SDK_4.8.0",
				);
				PRODUCT_BUNDLE_IDENTIFIER = byxc.com.demo;
				PRODUCT_NAME = "$(TARGET_NAME)";
				PROVISIONING_PROFILE_SPECIFIER = "";
				TARGETED_DEVICE_FAMILY = "1,2";
			};
			name = Debug;
		};
		76E485A62178288F007C9E76 /* Release */ = {
			isa = XCBuildConfiguration;
			baseConfigurationReference = 082A6003C34960DE70AA5E99 /* Pods-demo.release.xcconfig */;
			buildSettings = {
				ASSETCATALOG_COMPILER_APPICON_NAME = AppIcon;
				CODE_SIGN_IDENTITY = "iPhone Developer";
				CODE_SIGN_STYLE = Automatic;
				DEVELOPMENT_TEAM = UKFQF9GW79;
				INFOPLIST_FILE = demo/Info.plist;
				IPHONEOS_DEPLOYMENT_TARGET = 10.2;
				LD_RUNPATH_SEARCH_PATHS = (
					"$(inherited)",
					"@executable_path/Frameworks",
				);
				LIBRARY_SEARCH_PATHS = (
					"$(inherited)",
					"$(PROJECT_DIR)/demo/GDT_iOS_SDK_4.8.0",
					"$(PROJECT_DIR)/demo/Advertising(广告)/GDT_iOS_SDK_4.8.0",
				);
				PRODUCT_BUNDLE_IDENTIFIER = byxc.com.demo;
				PRODUCT_NAME = "$(TARGET_NAME)";
				PROVISIONING_PROFILE_SPECIFIER = "";
				TARGETED_DEVICE_FAMILY = "1,2";
			};
			name = Release;
		};
/* End XCBuildConfiguration section */

/* Begin XCConfigurationList section */
		76E485892178288E007C9E76 /* Build configuration list for PBXProject "demo" */ = {
			isa = XCConfigurationList;
			buildConfigurations = (
				76E485A22178288F007C9E76 /* Debug */,
				76E485A32178288F007C9E76 /* Release */,
			);
			defaultConfigurationIsVisible = 0;
			defaultConfigurationName = Release;
		};
		76E485A42178288F007C9E76 /* Build configuration list for PBXNativeTarget "demo" */ = {
			isa = XCConfigurationList;
			buildConfigurations = (
				76E485A52178288F007C9E76 /* Debug */,
				76E485A62178288F007C9E76 /* Release */,
			);
			defaultConfigurationIsVisible = 0;
			defaultConfigurationName = Release;
		};
/* End XCConfigurationList section */
	};
	rootObject = 76E485862178288E007C9E76 /* Project object */;
}
